
Microsoft Visual Studio Solution File, Format Version 12.00
# Visual Studio Version 16
VisualStudioVersion = 16.0.31911.196
MinimumVisualStudioVersion = 10.0.40219.1
Project("{FAE04EC0-301F-11D3-BF4B-00C04F79EFBC}") = "tribonacci", "tribonacci.csproj", "{1D10288E-2141-4E95-A9EE-73DE97A40ADE}"
EndProject
Global
	GlobalSection(SolutionConfigurationPlatforms) = preSolution
		Debug|Any CPU = Debug|Any CPU
		Release|Any CPU = Release|Any CPU
	EndGlobalSection
	GlobalSection(ProjectConfigurationPlatforms) = postSolution
		{1D10288E-2141-4E95-A9EE-73DE97A40ADE}.Debug|Any CPU.ActiveCfg = Debug|Any CPU
		{1D10288E-2141-4E95-A9EE-73DE97A40ADE}.Debug|Any CPU.Build.0 = Debug|Any CPU
		{1D10288E-2141-4E95-A9EE-73DE97A40ADE}.Release|Any CPU.ActiveCfg = Release|Any CPU
		{1D10288E-2141-4E95-A9EE-73DE97A40ADE}.Release|Any CPU.Build.0 = Release|Any CPU
	EndGlobalSection
	GlobalSection(SolutionProperties) = preSolution
		HideSolutionNode = FALSE
	EndGlobalSection
	GlobalSection(ExtensibilityGlobals) = postSolution
		SolutionGuid = {656E206A-5932-4771-A8EF-C6E5696E9F49}
	EndGlobalSection
EndGlobal
